// !$*UTF8*$!
{
	archiveVersion = 1;
	classes = {
	};
	objectVersion = 46;
	objects = {

/* Begin PBXBuildFile section */
		CD627028208EDF6900495036 /* AppDelegate.swift in Sources */ = {isa = PBXBuildFile; fileRef = CD627027208EDF6900495036 /* AppDelegate.swift */; };
		CD62702A208EDF6A00495036 /* ViewController.swift in Sources */ = {isa = PBXBuildFile; fileRef = CD627029208EDF6A00495036 /* ViewController.swift */; };
		CD62702D208EDF6A00495036 /* Main.storyboard in Resources */ = {isa = PBXBuildFile; fileRef = CD62702B208EDF6A00495036 /* Main.storyboard */; };
		CD62702F208EDF6B00495036 /* Assets.xcassets in Resources */ = {isa = PBXBuildFile; fileRef = CD62702E208EDF6B00495036 /* Assets.xcassets */; };
		CD627032208EDF6B00495036 /* LaunchScreen.storyboard in Resources */ = {isa = PBXBuildFile; fileRef = CD627030208EDF6B00495036 /* LaunchScreen.storyboard */; };
		CD62703D208EDF6C00495036 /* QuizTests.swift in Sources */ = {isa = PBXBuildFile; fileRef = CD62703C208EDF6C00495036 /* QuizTests.swift */; };
		CD627048208EDF6C00495036 /* QuizUITests.swift in Sources */ = {isa = PBXBuildFile; fileRef = CD627047208EDF6C00495036 /* QuizUITests.swift */; };
/* End PBXBuildFile section */

/* Begin PBXContainerItemProxy section */
		CD627039208EDF6B00495036 /* PBXContainerItemProxy */ = {
			isa = PBXContainerItemProxy;
			containerPortal = CD62701C208EDF6100495036 /* Project object */;
			proxyType = 1;
			remoteGlobalIDString = CD627023208EDF6100495036;
			remoteInfo = Quiz;
		};
		CD627044208EDF6C00495036 /* PBXContainerItemProxy */ = {
			isa = PBXContainerItemProxy;
			containerPortal = CD62701C208EDF6100495036 /* Project object */;
			proxyType = 1;
			remoteGlobalIDString = CD627023208EDF6100495036;
			remoteInfo = Quiz;
		};
/* End PBXContainerItemProxy section */

/* Begin PBXFileReference section */
		CD627024208EDF6900495036 /* Quiz.app */ = {isa = PBXFileReference; explicitFileType = wrapper.application; includeInIndex = 0; path = Quiz.app; sourceTree = BUILT_PRODUCTS_DIR; };
		CD627027208EDF6900495036 /* AppDelegate.swift */ = {isa = PBXFileReference; lastKnownFileType = sourcecode.swift; path = AppDelegate.swift; sourceTree = "<group>"; };
		CD627029208EDF6A00495036 /* ViewController.swift */ = {isa = PBXFileReference; lastKnownFileType = sourcecode.swift; path = ViewController.swift; sourceTree = "<group>"; };
		CD62702C208EDF6A00495036 /* Base */ = {isa = PBXFileReference; lastKnownFileType = file.storyboard; name = Base; path = Base.lproj/Main.storyboard; sourceTree = "<group>"; };
		CD62702E208EDF6B00495036 /* Assets.xcassets */ = {isa = PBXFileReference; lastKnownFileType = folder.assetcatalog; path = Assets.xcassets; sourceTree = "<group>"; };
		CD627031208EDF6B00495036 /* Base */ = {isa = PBXFileReference; lastKnownFileType = file.storyboard; name = Base; path = Base.lproj/LaunchScreen.storyboard; sourceTree = "<group>"; };
		CD627033208EDF6B00495036 /* Info.plist */ = {isa = PBXFileReference; lastKnownFileType = text.plist.xml; path = Info.plist; sourceTree = "<group>"; };
		CD627038208EDF6B00495036 /* QuizTests.xctest */ = {isa = PBXFileReference; explicitFileType = wrapper.cfbundle; includeInIndex = 0; path = QuizTests.xctest; sourceTree = BUILT_PRODUCTS_DIR; };
		CD62703C208EDF6C00495036 /* QuizTests.swift */ = {isa = PBXFileReference; lastKnownFileType = sourcecode.swift; path = QuizTests.swift; sourceTree = "<group>"; };
		CD62703E208EDF6C00495036 /* Info.plist */ = {isa = PBXFileReference; lastKnownFileType = text.plist.xml; path = Info.plist; sourceTree = "<group>"; };
		CD627043208EDF6C00495036 /* QuizUITests.xctest */ = {isa = PBXFileReference; explicitFileType = wrapper.cfbundle; includeInIndex = 0; path = QuizUITests.xctest; sourceTree = BUILT_PRODUCTS_DIR; };
		CD627047208EDF6C00495036 /* QuizUITests.swift */ = {isa = PBXFileReference; lastKnownFileType = sourcecode.swift; path = QuizUITests.swift; sourceTree = "<group>"; };
		CD627049208EDF6C00495036 /* Info.plist */ = {isa = PBXFileReference; lastKnownFileType = text.plist.xml; path = Info.plist; sourceTree = "<group>"; };
/* End PBXFileReference section */

/* Begin PBXFrameworksBuildPhase section */
		CD627021208EDF6100495036 /* Frameworks */ = {
			isa = PBXFrameworksBuildPhase;
			buildActionMask = 2147483647;
			files = (
			);
			runOnlyForDeploymentPostprocessing = 0;
		};
		CD627035208EDF6B00495036 /* Frameworks */ = {
			isa = PBXFrameworksBuildPhase;
			buildActionMask = 2147483647;
			files = (
			);
			runOnlyForDeploymentPostprocessing = 0;
		};
		CD627040208EDF6C00495036 /* Frameworks */ = {
			isa = PBXFrameworksBuildPhase;
			buildActionMask = 2147483647;
			files = (
			);
			runOnlyForDeploymentPostprocessing = 0;
		};
/* End PBXFrameworksBuildPhase section */

/* Begin PBXGroup section */
		CD62701B208EDF6100495036 = {
			isa = PBXGroup;
			children = (
				CD627026208EDF6900495036 /* Quiz */,
				CD62703B208EDF6B00495036 /* QuizTests */,
				CD627046208EDF6C00495036 /* QuizUITests */,
				CD627025208EDF6900495036 /* Products */,
			);
			sourceTree = "<group>";
		};
		CD627025208EDF6900495036 /* Products */ = {
			isa = PBXGroup;
			children = (
				CD627024208EDF6900495036 /* Quiz.app */,
				CD627038208EDF6B00495036 /* QuizTests.xctest */,
				CD627043208EDF6C00495036 /* QuizUITests.xctest */,
			);
			name = Products;
			sourceTree = "<group>";
		};
		CD627026208EDF6900495036 /* Quiz */ = {
			isa = PBXGroup;
			children = (
				CD627027208EDF6900495036 /* AppDelegate.swift */,
				CD627029208EDF6A00495036 /* ViewController.swift */,
				CD62702B208EDF6A00495036 /* Main.storyboard */,
				CD62702E208EDF6B00495036 /* Assets.xcassets */,
				CD627030208EDF6B00495036 /* LaunchScreen.storyboard */,
				CD627033208EDF6B00495036 /* Info.plist */,
			);
			path = Quiz;
			sourceTree = "<group>";
		};
		CD62703B208EDF6B00495036 /* QuizTests */ = {
			isa = PBXGroup;
			children = (
				CD62703C208EDF6C00495036 /* QuizTests.swift */,
				CD62703E208EDF6C00495036 /* Info.plist */,
			);
			path = QuizTests;
			sourceTree = "<group>";
		};
		CD627046208EDF6C00495036 /* QuizUITests */ = {
			isa = PBXGroup;
			children = (
				CD627047208EDF6C00495036 /* QuizUITests.swift */,
				CD627049208EDF6C00495036 /* Info.plist */,
			);
			path = QuizUITests;
			sourceTree = "<group>";
		};
/* End PBXGroup section */

/* Begin PBXNativeTarget section */
		CD627023208EDF6100495036 /* Quiz */ = {
			isa = PBXNativeTarget;
			buildConfigurationList = CD62704C208EDF6C00495036 /* Build configuration list for PBXNativeTarget "Quiz" */;
			buildPhases = (
				CD627020208EDF6100495036 /* Sources */,
				CD627021208EDF6100495036 /* Frameworks */,
				CD627022208EDF6100495036 /* Resources */,
			);
			buildRules = (
			);
			dependencies = (
			);
			name = Quiz;
			productName = Quiz;
			productReference = CD627024208EDF6900495036 /* Quiz.app */;
			productType = "com.apple.product-type.application";
		};
		CD627037208EDF6B00495036 /* QuizTests */ = {
			isa = PBXNativeTarget;
			buildConfigurationList = CD62704F208EDF6C00495036 /* Build configuration list for PBXNativeTarget "QuizTests" */;
			buildPhases = (
				CD627034208EDF6B00495036 /* Sources */,
				CD627035208EDF6B00495036 /* Frameworks */,
				CD627036208EDF6B00495036 /* Resources */,
			);
			buildRules = (
			);
			dependencies = (
				CD62703A208EDF6B00495036 /* PBXTargetDependency */,
			);
			name = QuizTests;
			productName = QuizTests;
			productReference = CD627038208EDF6B00495036 /* QuizTests.xctest */;
			productType = "com.apple.product-type.bundle.unit-test";
		};
		CD627042208EDF6C00495036 /* QuizUITests */ = {
			isa = PBXNativeTarget;
			buildConfigurationList = CD627052208EDF6C00495036 /* Build configuration list for PBXNativeTarget "QuizUITests" */;
			buildPhases = (
				CD62703F208EDF6C00495036 /* Sources */,
				CD627040208EDF6C00495036 /* Frameworks */,
				CD627041208EDF6C00495036 /* Resources */,
			);
			buildRules = (
			);
			dependencies = (
				CD627045208EDF6C00495036 /* PBXTargetDependency */,
			);
			name = QuizUITests;
			productName = QuizUITests;
			productReference = CD627043208EDF6C00495036 /* QuizUITests.xctest */;
			productType = "com.apple.product-type.bundle.ui-testing";
		};
/* End PBXNativeTarget section */

/* Begin PBXProject section */
		CD62701C208EDF6100495036 /* Project object */ = {
			isa = PBXProject;
			attributes = {
				LastSwiftUpdateCheck = 0820;
				LastUpgradeCheck = 0820;
				ORGANIZATIONNAME = "Trish Sieckman";
				TargetAttributes = {
					CD627023208EDF6100495036 = {
						CreatedOnToolsVersion = 8.2.1;
						ProvisioningStyle = Automatic;
					};
					CD627037208EDF6B00495036 = {
						CreatedOnToolsVersion = 8.2.1;
						ProvisioningStyle = Automatic;
						TestTargetID = CD627023208EDF6100495036;
					};
					CD627042208EDF6C00495036 = {
						CreatedOnToolsVersion = 8.2.1;
						ProvisioningStyle = Automatic;
						TestTargetID = CD627023208EDF6100495036;
					};
				};
			};
			buildConfigurationList = CD62701F208EDF6100495036 /* Build configuration list for PBXProject "Quiz" */;
			compatibilityVersion = "Xcode 3.2";
			developmentRegion = English;
			hasScannedForEncodings = 0;
			knownRegions = (
				en,
				Base,
			);
			mainGroup = CD62701B208EDF6100495036;
			productRefGroup = CD627025208EDF6900495036 /* Products */;
			projectDirPath = "";
			projectRoot = "";
			targets = (
				CD627023208EDF6100495036 /* Quiz */,
				CD627037208EDF6B00495036 /* QuizTests */,
				CD627042208EDF6C00495036 /* QuizUITests */,
			);
		};
/* End PBXProject section */

/* Begin PBXResourcesBuildPhase section */
		CD627022208EDF6100495036 /* Resources */ = {
			isa = PBXResourcesBuildPhase;
			buildActionMask = 2147483647;
			files = (
				CD627032208EDF6B00495036 /* LaunchScreen.storyboard in Resources */,
				CD62702F208EDF6B00495036 /* Assets.xcassets in Resources */,
				CD62702D208EDF6A00495036 /* Main.storyboard in Resources */,
			);
			runOnlyForDeploymentPostprocessing = 0;
		};
		CD627036208EDF6B00495036 /* Resources */ = {
			isa = PBXResourcesBuildPhase;
			buildActionMask = 2147483647;
			files = (
			);
			runOnlyForDeploymentPostprocessing = 0;
		};
		CD627041208EDF6C00495036 /* Resources */ = {
			isa = PBXResourcesBuildPhase;
			buildActionMask = 2147483647;
			files = (
			);
			runOnlyForDeploymentPostprocessing = 0;
		};
/* End PBXResourcesBuildPhase section */

/* Begin PBXSourcesBuildPhase section */
		CD627020208EDF6100495036 /* Sources */ = {
			isa = PBXSourcesBuildPhase;
			buildActionMask = 2147483647;
			files = (
				CD62702A208EDF6A00495036 /* ViewController.swift in Sources */,
				CD627028208EDF6900495036 /* AppDelegate.swift in Sources */,
			);
			runOnlyForDeploymentPostprocessing = 0;
		};
		CD627034208EDF6B00495036 /* Sources */ = {
			isa = PBXSourcesBuildPhase;
			buildActionMask = 2147483647;
			files = (
				CD62703D208EDF6C00495036 /* QuizTests.swift in Sources */,
			);
			runOnlyForDeploymentPostprocessing = 0;
		};
		CD62703F208EDF6C00495036 /* Sources */ = {
			isa = PBXSourcesBuildPhase;
			buildActionMask = 2147483647;
			files = (
				CD627048208EDF6C00495036 /* QuizUITests.swift in Sources */,
			);
			runOnlyForDeploymentPostprocessing = 0;
		};
/* End PBXSourcesBuildPhase section */

/* Begin PBXTargetDependency section */
		CD62703A208EDF6B00495036 /* PBXTargetDependency */ = {
			isa = PBXTargetDependency;
			target = CD627023208EDF6100495036 /* Quiz */;
			targetProxy = CD627039208EDF6B00495036 /* PBXContainerItemProxy */;
		};
		CD627045208EDF6C00495036 /* PBXTargetDependency */ = {
			isa = PBXTargetDependency;
			target = CD627023208EDF6100495036 /* Quiz */;
			targetProxy = CD627044208EDF6C00495036 /* PBXContainerItemProxy */;
		};
/* End PBXTargetDependency section */

/* Begin PBXVariantGroup section */
		CD62702B208EDF6A00495036 /* Main.storyboard */ = {
			isa = PBXVariantGroup;
			children = (
				CD62702C208EDF6A00495036 /* Base */,
			);
			name = Main.storyboard;
			sourceTree = "<group>";
		};
		CD627030208EDF6B00495036 /* LaunchScreen.storyboard */ = {
			isa = PBXVariantGroup;
			children = (
				CD627031208EDF6B00495036 /* Base */,
			);
			name = LaunchScreen.storyboard;
			sourceTree = "<group>";
		};
/* End PBXVariantGroup section */

/* Begin XCBuildConfiguration section */
		CD62704A208EDF6C00495036 /* Debug */ = {
			isa = XCBuildConfiguration;
			buildSettings = {
				ALWAYS_SEARCH_USER_PATHS = NO;
				CLANG_ANALYZER_NONNULL = YES;
				CLANG_CXX_LANGUAGE_STANDARD = "gnu++0x";
				CLANG_CXX_LIBRARY = "libc++";
				CLANG_ENABLE_MODULES = YES;
				CLANG_ENABLE_OBJC_ARC = YES;
				CLANG_WARN_BOOL_CONVERSION = YES;
				CLANG_WARN_CONSTANT_CONVERSION = YES;
				CLANG_WARN_DIRECT_OBJC_ISA_USAGE = YES_ERROR;
				CLANG_WARN_DOCUMENTATION_COMMENTS = YES;
				CLANG_WARN_EMPTY_BODY = YES;
				CLANG_WARN_ENUM_CONVERSION = YES;
				CLANG_WARN_INFINITE_RECURSION = YES;
				CLANG_WARN_INT_CONVERSION = YES;
				CLANG_WARN_OBJC_ROOT_CLASS = YES_ERROR;
				CLANG_WARN_SUSPICIOUS_MOVE = YES;
				CLANG_WARN_UNREACHABLE_CODE = YES;
				CLANG_WARN__DUPLICATE_METHOD_MATCH = YES;
				"CODE_SIGN_IDENTITY[sdk=iphoneos*]" = "iPhone Developer";
				COPY_PHASE_STRIP = NO;
				DEBUG_INFORMATION_FORMAT = dwarf;
				ENABLE_STRICT_OBJC_MSGSEND = YES;
				ENABLE_TESTABILITY = YES;
				GCC_C_LANGUAGE_STANDARD = gnu99;
				GCC_DYNAMIC_NO_PIC = NO;
				GCC_NO_COMMON_BLOCKS = YES;
				GCC_OPTIMIZATION_LEVEL = 0;
				GCC_PREPROCESSOR_DEFINITIONS = (
					"DEBUG=1",
					"$(inherited)",
				);
				GCC_WARN_64_TO_32_BIT_CONVERSION = YES;
				GCC_WARN_ABOUT_RETURN_TYPE = YES_ERROR;
				GCC_WARN_UNDECLARED_SELECTOR = YES;
				GCC_WARN_UNINITIALIZED_AUTOS = YES_AGGRESSIVE;
				GCC_WARN_UNUSED_FUNCTION = YES;
				GCC_WARN_UNUSED_VARIABLE = YES;
				IPHONEOS_DEPLOYMENT_TARGET = 10.2;
				MTL_ENABLE_DEBUG_INFO = YES;
				ONLY_ACTIVE_ARCH = YES;
				SDKROOT = iphoneos;
				SWIFT_ACTIVE_COMPILATION_CONDITIONS = DEBUG;
				SWIFT_OPTIMIZATION_LEVEL = "-Onone";
				TARGETED_DEVICE_FAMILY = "1,2";
			};
			name = Debug;
		};
		CD62704B208EDF6C00495036 /* Release */ = {
			isa = XCBuildConfiguration;
			buildSettings = {
				ALWAYS_SEARCH_USER_PATHS = NO;
				CLANG_ANALYZER_NONNULL = YES;
				CLANG_CXX_LANGUAGE_STANDARD = "gnu++0x";
				CLANG_CXX_LIBRARY = "libc++";
				CLANG_ENABLE_MODULES = YES;
				CLANG_ENABLE_OBJC_ARC = YES;
				CLANG_WARN_BOOL_CONVERSION = YES;
				CLANG_WARN_CONSTANT_CONVERSION = YES;
				CLANG_WARN_DIRECT_OBJC_ISA_USAGE = YES_ERROR;
				CLANG_WARN_DOCUMENTATION_COMMENTS = YES;
				CLANG_WARN_EMPTY_BODY = YES;
				CLANG_WARN_ENUM_CONVERSION = YES;
				CLANG_WARN_INFINITE_RECURSION = YES;
				CLANG_WARN_INT_CONVERSION = YES;
				CLANG_WARN_OBJC_ROOT_CLASS = YES_ERROR;
				CLANG_WARN_SUSPICIOUS_MOVE = YES;
				CLANG_WARN_UNREACHABLE_CODE = YES;
				CLANG_WARN__DUPLICATE_METHOD_MATCH = YES;
				"CODE_SIGN_IDENTITY[sdk=iphoneos*]" = "iPhone Developer";
				COPY_PHASE_STRIP = NO;
				DEBUG_INFORMATION_FORMAT = "dwarf-with-dsym";
				ENABLE_NS_ASSERTIONS = NO;
				ENABLE_STRICT_OBJC_MSGSEND = YES;
				GCC_C_LANGUAGE_STANDARD = gnu99;
				GCC_NO_COMMON_BLOCKS = YES;
				GCC_WARN_64_TO_32_BIT_CONVERSION = YES;
				GCC_WARN_ABOUT_RETURN_TYPE = YES_ERROR;
				GCC_WARN_UNDECLARED_SELECTOR = YES;
				GCC_WARN_UNINITIALIZED_AUTOS = YES_AGGRESSIVE;
				GCC_WARN_UNUSED_FUNCTION = YES;
				GCC_WARN_UNUSED_VARIABLE = YES;
				IPHONEOS_DEPLOYMENT_TARGET = 10.2;
				MTL_ENABLE_DEBUG_INFO = NO;
				SDKROOT = iphoneos;
				SWIFT_OPTIMIZATION_LEVEL = "-Owholemodule";
				TARGETED_DEVICE_FAMILY = "1,2";
				VALIDATE_PRODUCT = YES;
			};
			name = Release;
		};
		CD62704D208EDF6C00495036 /* Debug */ = {
			isa = XCBuildConfiguration;
			buildSettings = {
				ASSETCATALOG_COMPILER_APPICON_NAME = AppIcon;
				INFOPLIST_FILE = Quiz/Info.plist;
				LD_RUNPATH_SEARCH_PATHS = "$(inherited) @executable_path/Frameworks";
				PRODUCT_BUNDLE_IDENTIFIER = "Jacob-Sieckman.Quiz";
				PRODUCT_NAME = "$(TARGET_NAME)";
				SWIFT_VERSION = 3.0;
			};
			name = Debug;
		};
		CD62704E208EDF6C00495036 /* Release */ = {
			isa = XCBuildConfiguration;
			buildSettings = {
				ASSETCATALOG_COMPILER_APPICON_NAME = AppIcon;
				INFOPLIST_FILE = Quiz/Info.plist;
				LD_RUNPATH_SEARCH_PATHS = "$(inherited) @executable_path/Frameworks";
				PRODUCT_BUNDLE_IDENTIFIER = "Jacob-Sieckman.Quiz";
				PRODUCT_NAME = "$(TARGET_NAME)";
				SWIFT_VERSION = 3.0;
			};
			name = Release;
		};
		CD627050208EDF6C00495036 /* Debug */ = {
			isa = XCBuildConfiguration;
			buildSettings = {
				ALWAYS_EMBED_SWIFT_STANDARD_LIBRARIES = YES;
				BUNDLE_LOADER = "$(TEST_HOST)";
				INFOPLIST_FILE = QuizTests/Info.plist;
				LD_RUNPATH_SEARCH_PATHS = "$(inherited) @executable_path/Frameworks @loader_path/Frameworks";
				PRODUCT_BUNDLE_IDENTIFIER = "Jacob-Sieckman.QuizTests";
				PRODUCT_NAME = "$(TARGET_NAME)";
				SWIFT_VERSION = 3.0;
				TEST_HOST = "$(BUILT_PRODUCTS_DIR)/Quiz.app/Quiz";
			};
			name = Debug;
		};
		CD627051208EDF6C00495036 /* Release */ = {
			isa = XCBuildConfiguration;
			buildSettings = {
				ALWAYS_EMBED_SWIFT_STANDARD_LIBRARIES = YES;
				BUNDLE_LOADER = "$(TEST_HOST)";
				INFOPLIST_FILE = QuizTests/Info.plist;
				LD_RUNPATH_SEARCH_PATHS = "$(inherited) @executable_path/Frameworks @loader_path/Frameworks";
				PRODUCT_BUNDLE_IDENTIFIER = "Jacob-Sieckman.QuizTests";
				PRODUCT_NAME = "$(TARGET_NAME)";
				SWIFT_VERSION = 3.0;
				TEST_HOST = "$(BUILT_PRODUCTS_DIR)/Quiz.app/Quiz";
			};
			name = Release;
		};
		CD627053208EDF6C00495036 /* Debug */ = {
			isa = XCBuildConfiguration;
			buildSettings = {
				ALWAYS_EMBED_SWIFT_STANDARD_LIBRARIES = YES;
				INFOPLIST_FILE = QuizUITests/Info.plist;
				LD_RUNPATH_SEARCH_PATHS = "$(inherited) @executable_path/Frameworks @loader_path/Frameworks";
				PRODUCT_BUNDLE_IDENTIFIER = "Jacob-Sieckman.QuizUITests";
				PRODUCT_NAME = "$(TARGET_NAME)";
				SWIFT_VERSION = 3.0;
				TEST_TARGET_NAME = Quiz;
			};
			name = Debug;
		};
		CD627054208EDF6C00495036 /* Release */ = {
			isa = XCBuildConfiguration;
			buildSettings = {
				ALWAYS_EMBED_SWIFT_STANDARD_LIBRARIES = YES;
				INFOPLIST_FILE = QuizUITests/Info.plist;
				LD_RUNPATH_SEARCH_PATHS = "$(inherited) @executable_path/Frameworks @loader_path/Frameworks";
				PRODUCT_BUNDLE_IDENTIFIER = "Jacob-Sieckman.QuizUITests";
				PRODUCT_NAME = "$(TARGET_NAME)";
				SWIFT_VERSION = 3.0;
				TEST_TARGET_NAME = Quiz;
			};
			name = Release;
		};
/* End XCBuildConfiguration section */

/* Begin XCConfigurationList section */
		CD62701F208EDF6100495036 /* Build configuration list for PBXProject "Quiz" */ = {
			isa = XCConfigurationList;
			buildConfigurations = (
				CD62704A208EDF6C00495036 /* Debug */,
				CD62704B208EDF6C00495036 /* Release */,
			);
			defaultConfigurationIsVisible = 0;
			defaultConfigurationName = Release;
		};
		CD62704C208EDF6C00495036 /* Build configuration list for PBXNativeTarget "Quiz" */ = {
			isa = XCConfigurationList;
			buildConfigurations = (
				CD62704D208EDF6C00495036 /* Debug */,
				CD62704E208EDF6C00495036 /* Release */,
			);
			defaultConfigurationIsVisible = 0;
			defaultConfigurationName = Release;
		};
		CD62704F208EDF6C00495036 /* Build configuration list for PBXNativeTarget "QuizTests" */ = {
			isa = XCConfigurationList;
			buildConfigurations = (
				CD627050208EDF6C00495036 /* Debug */,
				CD627051208EDF6C00495036 /* Release */,
			);
			defaultConfigurationIsVisible = 0;
			defaultConfigurationName = Release;
		};
		CD627052208EDF6C00495036 /* Build configuration list for PBXNativeTarget "QuizUITests" */ = {
			isa = XCConfigurationList;
			buildConfigurations = (
				CD627053208EDF6C00495036 /* Debug */,
				CD627054208EDF6C00495036 /* Release */,
			);
			defaultConfigurationIsVisible = 0;
			defaultConfigurationName = Release;
		};
/* End XCConfigurationList section */
	};
	rootObject = CD62701C208EDF6100495036 /* Project object */;
}
